
Microsoft Visual Studio Solution File, Format Version 12.00
# Visual Studio Version 16
VisualStudioVersion = 16.0.30523.141
MinimumVisualStudioVersion = 10.0.40219.1
Project("{FAE04EC0-301F-11D3-BF4B-00C04F79EFBC}") = "SimplePaint.FormApplication", "SimplePaint.FormApplication\SimplePaint.FormApplication.csproj", "{96B1E586-55F8-4308-A388-A85E95010899}"
EndProject
Project("{FAE04EC0-301F-11D3-BF4B-00C04F79EFBC}") = "SimplePaint.ObjectModel", "SimplePaint.ObjectModel\SimplePaint.ObjectModel.csproj", "{EC9793CD-D223-4C15-B768-175C6C4CAD2C}"
EndProject
Global
	GlobalSection(SolutionConfigurationPlatforms) = preSolution
		Debug|Any CPU = Debug|Any CPU
		Release|Any CPU = Release|Any CPU
	EndGlobalSection
	GlobalSection(ProjectConfigurationPlatforms) = postSolution
		{96B1E586-55F8-4308-A388-A85E95010899}.Debug|Any CPU.ActiveCfg = Debug|Any CPU
		{96B1E586-55F8-4308-A388-A85E95010899}.Debug|Any CPU.Build.0 = Debug|Any CPU
		{96B1E586-55F8-4308-A388-A85E95010899}.Release|Any CPU.ActiveCfg = Release|Any CPU
		{96B1E586-55F8-4308-A388-A85E95010899}.Release|Any CPU.Build.0 = Release|Any CPU
		{EC9793CD-D223-4C15-B768-175C6C4CAD2C}.Debug|Any CPU.ActiveCfg = Debug|Any CPU
		{EC9793CD-D223-4C15-B768-175C6C4CAD2C}.Debug|Any CPU.Build.0 = Debug|Any CPU
		{EC9793CD-D223-4C15-B768-175C6C4CAD2C}.Release|Any CPU.ActiveCfg = Release|Any CPU
		{EC9793CD-D223-4C15-B768-175C6C4CAD2C}.Release|Any CPU.Build.0 = Release|Any CPU
	EndGlobalSection
	GlobalSection(SolutionProperties) = preSolution
		HideSolutionNode = FALSE
	EndGlobalSection
	GlobalSection(ExtensibilityGlobals) = postSolution
		SolutionGuid = {AEF47083-2FEB-45C8-9EDE-3F1159DB610A}
	EndGlobalSection
EndGlobal
